
Microsoft Visual Studio Solution File, Format Version 12.00
# Visual Studio Version 17
VisualStudioVersion = 17.8.34330.188
MinimumVisualStudioVersion = 10.0.40219.1
Project("{FAE04EC0-301F-11D3-BF4B-00C04F79EFBC}") = "Teoria_Aula_1", "Teoria_Aula_1\Teoria_Aula_1.csproj", "{2CFB93BA-23DC-4C1C-8954-14E8B2A97A21}"
EndProject
Global
	GlobalSection(SolutionConfigurationPlatforms) = preSolution
		Debug|Any CPU = Debug|Any CPU
		Release|Any CPU = Release|Any CPU
	EndGlobalSection
	GlobalSection(ProjectConfigurationPlatforms) = postSolution
		{2CFB93BA-23DC-4C1C-8954-14E8B2A97A21}.Debug|Any CPU.ActiveCfg = Debug|Any CPU
		{2CFB93BA-23DC-4C1C-8954-14E8B2A97A21}.Debug|Any CPU.Build.0 = Debug|Any CPU
		{2CFB93BA-23DC-4C1C-8954-14E8B2A97A21}.Release|Any CPU.ActiveCfg = Release|Any CPU
		{2CFB93BA-23DC-4C1C-8954-14E8B2A97A21}.Release|Any CPU.Build.0 = Release|Any CPU
	EndGlobalSection
	GlobalSection(SolutionProperties) = preSolution
		HideSolutionNode = FALSE
	EndGlobalSection
	GlobalSection(ExtensibilityGlobals) = postSolution
		SolutionGuid = {153883B7-07D7-4037-9424-6BBA2F679C56}
	EndGlobalSection
EndGlobal
