
Microsoft Visual Studio Solution File, Format Version 12.00
# Visual Studio Version 17
VisualStudioVersion = 17.13.35913.81 d17.13
MinimumVisualStudioVersion = 10.0.40219.1
Project("{FAE04EC0-301F-11D3-BF4B-00C04F79EFBC}") = "Atividades_Aula_4", "Atividades_Aula_4\Atividades_Aula_4.csproj", "{BE62DBBB-F24B-4062-991D-CD1C17CC54DB}"
EndProject
Global
	GlobalSection(SolutionConfigurationPlatforms) = preSolution
		Debug|Any CPU = Debug|Any CPU
		Release|Any CPU = Release|Any CPU
	EndGlobalSection
	GlobalSection(ProjectConfigurationPlatforms) = postSolution
		{BE62DBBB-F24B-4062-991D-CD1C17CC54DB}.Debug|Any CPU.ActiveCfg = Debug|Any CPU
		{BE62DBBB-F24B-4062-991D-CD1C17CC54DB}.Debug|Any CPU.Build.0 = Debug|Any CPU
		{BE62DBBB-F24B-4062-991D-CD1C17CC54DB}.Release|Any CPU.ActiveCfg = Release|Any CPU
		{BE62DBBB-F24B-4062-991D-CD1C17CC54DB}.Release|Any CPU.Build.0 = Release|Any CPU
	EndGlobalSection
	GlobalSection(SolutionProperties) = preSolution
		HideSolutionNode = FALSE
	EndGlobalSection
	GlobalSection(ExtensibilityGlobals) = postSolution
		SolutionGuid = {0F71BA52-FC82-48CF-A92C-38BA3BCE36D3}
	EndGlobalSection
EndGlobal
