
Microsoft Visual Studio Solution File, Format Version 12.00
# Visual Studio Version 17
VisualStudioVersion = 17.13.35913.81 d17.13
MinimumVisualStudioVersion = 10.0.40219.1
Project("{FAE04EC0-301F-11D3-BF4B-00C04F79EFBC}") = "Projeto_Assistente-Pessoal-de-Tarefas", "Projeto_Assistente-Pessoal-de-Tarefas\Projeto_Assistente-Pessoal-de-Tarefas.csproj", "{4996717A-A0DC-4C8D-8CCC-80A08E9B7109}"
EndProject
Global
	GlobalSection(SolutionConfigurationPlatforms) = preSolution
		Debug|Any CPU = Debug|Any CPU
		Release|Any CPU = Release|Any CPU
	EndGlobalSection
	GlobalSection(ProjectConfigurationPlatforms) = postSolution
		{4996717A-A0DC-4C8D-8CCC-80A08E9B7109}.Debug|Any CPU.ActiveCfg = Debug|Any CPU
		{4996717A-A0DC-4C8D-8CCC-80A08E9B7109}.Debug|Any CPU.Build.0 = Debug|Any CPU
		{4996717A-A0DC-4C8D-8CCC-80A08E9B7109}.Release|Any CPU.ActiveCfg = Release|Any CPU
		{4996717A-A0DC-4C8D-8CCC-80A08E9B7109}.Release|Any CPU.Build.0 = Release|Any CPU
	EndGlobalSection
	GlobalSection(SolutionProperties) = preSolution
		HideSolutionNode = FALSE
	EndGlobalSection
	GlobalSection(ExtensibilityGlobals) = postSolution
		SolutionGuid = {F558B266-2EE3-4F24-AEAD-206508B0C425}
	EndGlobalSection
EndGlobal
